<?xml version="1.0" encoding="utf-8"?>
<Project ToolsVersion="4.0" xmlns="http://schemas.microsoft.com/developer/msbuild/2003">
  <ItemGroup>
    <ClCompile Include="..\test-linalgx.cpp">
      <Filter>linalgx</Filter>
    </ClCompile>
    <ClCompile Include="..\test-constant-expressions.cpp">
      <Filter>linalg</Filter>
    </ClCompile>
    <ClCompile Include="..\test-expression-validity.cpp">
      <Filter>linalg</Filter>
    </ClCompile>
    <ClCompile Include="..\test-higher-order-functions.cpp">
      <Filter>linalg</Filter>
    </ClCompile>
    <ClCompile Include="..\test-linalg.cpp">
      <Filter>linalg</Filter>
    </ClCompile>
    <ClCompile Include="..\test-matrices.cpp">
      <Filter>linalg</Filter>
    </ClCompile>
    <ClCompile Include="..\test-ostream-overloads.cpp">
      <Filter>linalg</Filter>
    </ClCompile>
    <ClCompile Include="..\test-quaternions.cpp">
      <Filter>linalg</Filter>
    </ClCompile>
    <ClCompile Include="..\test-scalar-accessors.cpp">
      <Filter>linalg</Filter>
    </ClCompile>
    <ClCompile Include="..\test-user-defined-conversions.cpp">
      <Filter>linalg</Filter>
    </ClCompile>
  </ItemGroup>
  <ItemGroup>
    <ClInclude Include="..\..\linalgx.h">
      <Filter>linalgx</Filter>
    </ClInclude>
    <ClInclude Include="..\..\linalg.h">
      <Filter>linalg</Filter>
    </ClInclude>
    <ClInclude Include="..\test-linalg.h">
      <Filter>linalg</Filter>
    </ClInclude>
  </ItemGroup>
  <ItemGroup>
    <Filter Include="linalg">
      <UniqueIdentifier>{5128afa4-577e-48d6-bf8f-7d4ce999b661}</UniqueIdentifier>
    </Filter>
    <Filter Include="linalgx">
      <UniqueIdentifier>{e6f90f62-dff6-4bfa-9829-50421e6831e4}</UniqueIdentifier>
    </Filter>
  </ItemGroup>
</Project>