<?xml version="1.0" encoding="utf-8"?>
<Project ToolsVersion="4.0" xmlns="http://schemas.microsoft.com/developer/msbuild/2003">
  <ItemGroup>
    <ClCompile Include="..\test-linalgx.cpp">
      <Filter>linalgx</Filter>
    </ClCompile>
    <ClCompile Include="..\test-constant-expressions.cpp">
      <Filter>linalg</Filter>
    </ClCompile>
    <ClCompile Include="..\test-expression-validity.cpp">
      <Filter>linalg</Filter>
    </ClCompile>
    <ClCompile Include="..\test-higher-order-functions.cpp">
      <Filter>linalg</Filter>
    </ClCompile>
    <ClCompile Include="..\test-linalg.cpp">
      <Filter>linalg</Filter>
    </ClCompile>
    <ClCompile Include="..\test-matrices.cpp">
      <Filter>linalg</Filter>
    </ClCompile>
    <ClCompile Include="..\test-ostream-overloads.cpp">
      <Filter>linalg</Filter>
    </ClCompile>
    <ClCompile Include="..\test-quaternions.cpp">
      <Filter>linalg</Filter>
    </ClCompile>
    <ClCompile Include="..\test-scalar-accessors.cpp">
      <Filter>linalg</Filter>
    </ClCompile>
    <ClCompile Include="..\test-user-defined-conversions.cpp">
      <Filter>linalg</Filter>
    </ClCompile>
  </ItemGroup>
  <ItemGroup>
    <ClInclude Include="..\..\linalgx.h">
      <Filter>linalgx</Filter>
    </ClInclude>
    <ClInclude Include="..\..\linalg.h">
      <Filter>linalg</Filter>
    </ClInclude>
    <ClInclude Include="..\test-linalg.h">
      <Filter>linalg</Filter>
    </ClInclude>
  </ItemGroup>
  <ItemGroup>
    <Filter Include="linalg">
      <UniqueIdentifier>{c3576057-c041-4594-8b84-1aefaf672236}</UniqueIdentifier>
    </Filter>
    <Filter Include="linalgx">
      <UniqueIdentifier>{9c88444b-99a3-47de-89d0-ccacee72aa03}</UniqueIdentifier>
    </Filter>
  </ItemGroup>
</Project>