<?xml version="1.0" encoding="utf-8"?>
<Project ToolsVersion="4.0" xmlns="http://schemas.microsoft.com/developer/msbuild/2003">
  <ItemGroup>
    <ClCompile Include="..\linalg-test.cpp" />
    <ClCompile Include="..\linalg-test2.cpp" />
    <ClCompile Include="..\test-user-defined-conversions.cpp" />
    <ClCompile Include="..\test-matrices.cpp" />
    <ClCompile Include="..\test-ostream-overloads.cpp" />
    <ClCompile Include="..\test-constant-expressions.cpp" />
    <ClCompile Include="..\test-higher-order-functions.cpp" />
    <ClCompile Include="..\test-quaternions.cpp" />
  </ItemGroup>
  <ItemGroup>
    <ClInclude Include="..\..\linalg.h" />
    <ClInclude Include="..\test-linalg.h" />
  </ItemGroup>
</Project>